
Microsoft Visual Studio Solution File, Format Version 12.00
# Visual Studio 2013
VisualStudioVersion = 12.0.30501.0
MinimumVisualStudioVersion = 10.0.40219.1
Project("{888888A0-9F3D-457C-B088-3A5042F75D52}") = "mpl_exp", "mpl_exp.pyproj", "{DF3A0A46-2F1C-41B4-BADB-7B02C6643E69}"
EndProject
Global
	GlobalSection(SolutionConfigurationPlatforms) = preSolution
		Debug|Any CPU = Debug|Any CPU
		Release|Any CPU = Release|Any CPU
	EndGlobalSection
	GlobalSection(ProjectConfigurationPlatforms) = postSolution
		{DF3A0A46-2F1C-41B4-BADB-7B02C6643E69}.Debug|Any CPU.ActiveCfg = Debug|Any CPU
		{DF3A0A46-2F1C-41B4-BADB-7B02C6643E69}.Debug|Any CPU.Build.0 = Debug|Any CPU
		{DF3A0A46-2F1C-41B4-BADB-7B02C6643E69}.Release|Any CPU.ActiveCfg = Release|Any CPU
		{DF3A0A46-2F1C-41B4-BADB-7B02C6643E69}.Release|Any CPU.Build.0 = Release|Any CPU
	EndGlobalSection
	GlobalSection(SolutionProperties) = preSolution
		HideSolutionNode = FALSE
	EndGlobalSection
EndGlobal
